
Microsoft Visual Studio Solution File, Format Version 12.00
# Visual Studio Version 17
VisualStudioVersion = 17.0.32014.148
MinimumVisualStudioVersion = 10.0.40219.1
Project("{FAE04EC0-301F-11D3-BF4B-00C04F79EFBC}") = "Abstraction", "Abstraction.csproj", "{06762383-386A-4582-B3D3-7C8CBD32E2DF}"
EndProject
Global
	GlobalSection(SolutionConfigurationPlatforms) = preSolution
		Debug|Any CPU = Debug|Any CPU
		Release|Any CPU = Release|Any CPU
	EndGlobalSection
	GlobalSection(ProjectConfigurationPlatforms) = postSolution
		{06762383-386A-4582-B3D3-7C8CBD32E2DF}.Debug|Any CPU.ActiveCfg = Debug|Any CPU
		{06762383-386A-4582-B3D3-7C8CBD32E2DF}.Debug|Any CPU.Build.0 = Debug|Any CPU
		{06762383-386A-4582-B3D3-7C8CBD32E2DF}.Release|Any CPU.ActiveCfg = Release|Any CPU
		{06762383-386A-4582-B3D3-7C8CBD32E2DF}.Release|Any CPU.Build.0 = Release|Any CPU
	EndGlobalSection
	GlobalSection(SolutionProperties) = preSolution
		HideSolutionNode = FALSE
	EndGlobalSection
	GlobalSection(ExtensibilityGlobals) = postSolution
		SolutionGuid = {D2D14626-5FA9-4E18-82A3-FA2DABEC9445}
	EndGlobalSection
EndGlobal
