
Microsoft Visual Studio Solution File, Format Version 12.00
# Visual Studio Version 17
VisualStudioVersion = 17.0.32014.148
MinimumVisualStudioVersion = 10.0.40219.1
Project("{FAE04EC0-301F-11D3-BF4B-00C04F79EFBC}") = "Generics", "Generics.csproj", "{D2FEBCB4-E83E-48A0-8B0C-16865FCEEFD5}"
EndProject
Global
	GlobalSection(SolutionConfigurationPlatforms) = preSolution
		Debug|Any CPU = Debug|Any CPU
		Release|Any CPU = Release|Any CPU
	EndGlobalSection
	GlobalSection(ProjectConfigurationPlatforms) = postSolution
		{D2FEBCB4-E83E-48A0-8B0C-16865FCEEFD5}.Debug|Any CPU.ActiveCfg = Debug|Any CPU
		{D2FEBCB4-E83E-48A0-8B0C-16865FCEEFD5}.Debug|Any CPU.Build.0 = Debug|Any CPU
		{D2FEBCB4-E83E-48A0-8B0C-16865FCEEFD5}.Release|Any CPU.ActiveCfg = Release|Any CPU
		{D2FEBCB4-E83E-48A0-8B0C-16865FCEEFD5}.Release|Any CPU.Build.0 = Release|Any CPU
	EndGlobalSection
	GlobalSection(SolutionProperties) = preSolution
		HideSolutionNode = FALSE
	EndGlobalSection
	GlobalSection(ExtensibilityGlobals) = postSolution
		SolutionGuid = {C3CD5C99-0ECB-4F9B-B7DF-65B5516AAC01}
	EndGlobalSection
EndGlobal
